
Microsoft Visual Studio Solution File, Format Version 12.00
# Visual Studio Version 17
VisualStudioVersion = 17.8.34525.116
MinimumVisualStudioVersion = 10.0.40219.1
Project("{888888A0-9F3D-457C-B088-3A5042F75D52}") = "EnjoyableShark_Assignment09", "EnjoyableShark_Assignment09.pyproj", "{CD9862D6-28E8-4215-81F4-70D34680C1F2}"
EndProject
Global
	GlobalSection(SolutionConfigurationPlatforms) = preSolution
		Debug|Any CPU = Debug|Any CPU
		Release|Any CPU = Release|Any CPU
	EndGlobalSection
	GlobalSection(ProjectConfigurationPlatforms) = postSolution
		{CD9862D6-28E8-4215-81F4-70D34680C1F2}.Debug|Any CPU.ActiveCfg = Debug|Any CPU
		{CD9862D6-28E8-4215-81F4-70D34680C1F2}.Release|Any CPU.ActiveCfg = Release|Any CPU
	EndGlobalSection
	GlobalSection(SolutionProperties) = preSolution
		HideSolutionNode = FALSE
	EndGlobalSection
	GlobalSection(ExtensibilityGlobals) = postSolution
		SolutionGuid = {006F804D-E267-48E8-98BF-023A5E2B8CE2}
	EndGlobalSection
EndGlobal
